
Microsoft Visual Studio Solution File, Format Version 12.00
# Visual Studio Version 17
VisualStudioVersion = 17.8.34330.188
MinimumVisualStudioVersion = 10.0.40219.1
Project("{FAE04EC0-301F-11D3-BF4B-00C04F79EFBC}") = "WpfApplProject", "WpfApplProject\WpfApplProject.csproj", "{BDF20BA9-3A9D-4A7B-9041-7EFB2D209059}"
EndProject
Project("{FAE04EC0-301F-11D3-BF4B-00C04F79EFBC}") = "ErrorLoggingApi", "API\ErrorLoggingApi.csproj", "{9B2BE2D3-4D98-4FBF-9C31-4E440E0FEDAA}"
EndProject
Global
	GlobalSection(SolutionConfigurationPlatforms) = preSolution
		Debug|Any CPU = Debug|Any CPU
		Release|Any CPU = Release|Any CPU
	EndGlobalSection
	GlobalSection(ProjectConfigurationPlatforms) = postSolution
		{BDF20BA9-3A9D-4A7B-9041-7EFB2D209059}.Debug|Any CPU.ActiveCfg = Debug|Any CPU
		{BDF20BA9-3A9D-4A7B-9041-7EFB2D209059}.Debug|Any CPU.Build.0 = Debug|Any CPU
		{BDF20BA9-3A9D-4A7B-9041-7EFB2D209059}.Release|Any CPU.ActiveCfg = Release|Any CPU
		{BDF20BA9-3A9D-4A7B-9041-7EFB2D209059}.Release|Any CPU.Build.0 = Release|Any CPU
		{9B2BE2D3-4D98-4FBF-9C31-4E440E0FEDAA}.Debug|Any CPU.ActiveCfg = Debug|Any CPU
		{9B2BE2D3-4D98-4FBF-9C31-4E440E0FEDAA}.Debug|Any CPU.Build.0 = Debug|Any CPU
		{9B2BE2D3-4D98-4FBF-9C31-4E440E0FEDAA}.Release|Any CPU.ActiveCfg = Release|Any CPU
		{9B2BE2D3-4D98-4FBF-9C31-4E440E0FEDAA}.Release|Any CPU.Build.0 = Release|Any CPU
	EndGlobalSection
	GlobalSection(SolutionProperties) = preSolution
		HideSolutionNode = FALSE
	EndGlobalSection
	GlobalSection(ExtensibilityGlobals) = postSolution
		SolutionGuid = {D4F40D15-F396-472B-8F12-5EBDBAA2336E}
	EndGlobalSection
EndGlobal
